
Microsoft Visual Studio Solution File, Format Version 12.00
# Visual Studio Version 16
VisualStudioVersion = 16.0.29911.84
MinimumVisualStudioVersion = 10.0.40219.1
Project("{FAE04EC0-301F-11D3-BF4B-00C04F79EFBC}") = "Chess", "Chess\Chess.csproj", "{F4278B25-DADE-4315-B8B3-249D5CCF22A9}"
EndProject
Project("{FAE04EC0-301F-11D3-BF4B-00C04F79EFBC}") = "FigureCore", "FigureCore\FigureCore.csproj", "{FAF49643-568D-46C8-A6A9-47A85CB0C8BB}"
EndProject
Project("{FAE04EC0-301F-11D3-BF4B-00C04F79EFBC}") = "WPFChess", "WPFChess\WPFChess.csproj", "{0DEE6E24-EEB6-4F24-82C1-AD9EB5C4AF22}"
EndProject
Global
	GlobalSection(SolutionConfigurationPlatforms) = preSolution
		Debug|Any CPU = Debug|Any CPU
		Release|Any CPU = Release|Any CPU
	EndGlobalSection
	GlobalSection(ProjectConfigurationPlatforms) = postSolution
		{F4278B25-DADE-4315-B8B3-249D5CCF22A9}.Debug|Any CPU.ActiveCfg = Debug|Any CPU
		{F4278B25-DADE-4315-B8B3-249D5CCF22A9}.Debug|Any CPU.Build.0 = Debug|Any CPU
		{F4278B25-DADE-4315-B8B3-249D5CCF22A9}.Release|Any CPU.ActiveCfg = Release|Any CPU
		{F4278B25-DADE-4315-B8B3-249D5CCF22A9}.Release|Any CPU.Build.0 = Release|Any CPU
		{FAF49643-568D-46C8-A6A9-47A85CB0C8BB}.Debug|Any CPU.ActiveCfg = Debug|Any CPU
		{FAF49643-568D-46C8-A6A9-47A85CB0C8BB}.Debug|Any CPU.Build.0 = Debug|Any CPU
		{FAF49643-568D-46C8-A6A9-47A85CB0C8BB}.Release|Any CPU.ActiveCfg = Release|Any CPU
		{FAF49643-568D-46C8-A6A9-47A85CB0C8BB}.Release|Any CPU.Build.0 = Release|Any CPU
		{0DEE6E24-EEB6-4F24-82C1-AD9EB5C4AF22}.Debug|Any CPU.ActiveCfg = Debug|Any CPU
		{0DEE6E24-EEB6-4F24-82C1-AD9EB5C4AF22}.Debug|Any CPU.Build.0 = Debug|Any CPU
		{0DEE6E24-EEB6-4F24-82C1-AD9EB5C4AF22}.Release|Any CPU.ActiveCfg = Release|Any CPU
		{0DEE6E24-EEB6-4F24-82C1-AD9EB5C4AF22}.Release|Any CPU.Build.0 = Release|Any CPU
	EndGlobalSection
	GlobalSection(SolutionProperties) = preSolution
		HideSolutionNode = FALSE
	EndGlobalSection
	GlobalSection(ExtensibilityGlobals) = postSolution
		SolutionGuid = {4CF80674-E114-4CEE-A32C-FDFEE41A6A21}
	EndGlobalSection
EndGlobal
